
Microsoft Visual Studio Solution File, Format Version 12.00
# Visual Studio Version 16
VisualStudioVersion = 16.0.30002.166
MinimumVisualStudioVersion = 10.0.40219.1
Project("{9A19103F-16F7-4668-BE54-9A1E7A4F7556}") = "CostosCs", "CostosCs\CostosCs.csproj", "{F9652154-DD30-4DDB-8C5D-FD7C1A6A0602}"
EndProject
Project("{778DAE3C-4631-46EA-AA77-85C1314464D9}") = "CostosVb", "CostosVb\CostosVb.vbproj", "{7DCD9BB8-7ECD-4B49-A2D2-AF811D35A3D4}"
EndProject
Project("{9A19103F-16F7-4668-BE54-9A1E7A4F7556}") = "EquivalenciasHorasCs", "EquivalenciasHorasCs\EquivalenciasHorasCs.csproj", "{509AA0E8-8265-4092-AA0F-AC108E018BD6}"
EndProject
Project("{778DAE3C-4631-46EA-AA77-85C1314464D9}") = "EquivalenciasHorasVb", "EquivalenciasHorasVb\EquivalenciasHorasVb.vbproj", "{C6B5DE58-3C04-433F-8795-24CA91789DD4}"
EndProject
Project("{9A19103F-16F7-4668-BE54-9A1E7A4F7556}") = "CotizaciónTerrenoCs", "CotizaciónTerrenoCs\CotizaciónTerrenoCs.csproj", "{372AC995-1B35-4E05-98DD-B8B8FCEDD93F}"
EndProject
Project("{778DAE3C-4631-46EA-AA77-85C1314464D9}") = "CotizacionTerrenoVb", "CotizacionTerrenoVb\CotizacionTerrenoVb.vbproj", "{7B651C67-8F9E-4FEE-AD1F-A9020C5D10E6}"
EndProject
Project("{9A19103F-16F7-4668-BE54-9A1E7A4F7556}") = "VelocidadDeLaLuzCs", "VelocidadDeLaLuzCs\VelocidadDeLaLuzCs.csproj", "{E790D52B-F88C-493C-9173-4080F32BED85}"
EndProject
Project("{778DAE3C-4631-46EA-AA77-85C1314464D9}") = "VelocidadDeLaLuzVb", "VelocidadDeLaLuzVb\VelocidadDeLaLuzVb.vbproj", "{7382A77E-43A9-46F0-8CC5-2C1062E3F09D}"
EndProject
Project("{9A19103F-16F7-4668-BE54-9A1E7A4F7556}") = "CuadraticaCs", "CuadraticaCs\CuadraticaCs.csproj", "{35E0D2EB-BF72-49A0-B668-D7BDAE281614}"
EndProject
Project("{778DAE3C-4631-46EA-AA77-85C1314464D9}") = "CuadraticaVb", "CuadraticaVb\CuadraticaVb.vbproj", "{F2F720C7-EC92-44C5-B291-4B36102AD999}"
EndProject
Project("{9A19103F-16F7-4668-BE54-9A1E7A4F7556}") = "GradosFahrenheitCs", "GradosFahrenheitCs\GradosFahrenheitCs.csproj", "{D93C9EA2-0467-4765-98F4-9E060608A938}"
EndProject
Project("{778DAE3C-4631-46EA-AA77-85C1314464D9}") = "GradosFahrenheitVb", "GradosFahrenheitVb\GradosFahrenheitVb.vbproj", "{3EE2C88E-1E74-4F10-8C82-E72A6CB4DE42}"
EndProject
Project("{FAE04EC0-301F-11D3-BF4B-00C04F79EFBC}") = "EquivalenciasPiesCs", "EquivalenciasPiesCs\EquivalenciasPiesCs.csproj", "{905B42B7-F418-481C-A792-5BED80798BEA}"
EndProject
Project("{F184B08F-C81C-45F6-A57F-5ABD9991F28F}") = "EquivalenciasPiesVb", "EquivalenciasPiesVb\EquivalenciasPiesVb.vbproj", "{5A20CD1B-9511-4101-9360-AB36501FAE1A}"
EndProject
Project("{FAE04EC0-301F-11D3-BF4B-00C04F79EFBC}") = "FacturaciónCs", "FacturaciónCs\FacturaciónCs.csproj", "{721ACD1E-5D0D-488C-B852-E0C030011303}"
EndProject
Project("{F184B08F-C81C-45F6-A57F-5ABD9991F28F}") = "FacturaciónVb", "FacturaciónVb\FacturaciónVb.vbproj", "{56EA02BD-2314-4584-A63F-1AA0C2DAC1CD}"
EndProject
Project("{FAE04EC0-301F-11D3-BF4B-00C04F79EFBC}") = "ÁreaCirculoCs", "ÁreaCirculoCs\ÁreaCirculoCs.csproj", "{702EA177-DB9C-4AA0-8FE5-157687D54149}"
EndProject
Project("{F184B08F-C81C-45F6-A57F-5ABD9991F28F}") = "ÁreaCirculoVb", "ÁreaCirculoVb\ÁreaCirculoVb.vbproj", "{AB40C52E-ADCA-4844-88FD-00FB722BA3BC}"
EndProject
Global
	GlobalSection(SolutionConfigurationPlatforms) = preSolution
		Debug|Any CPU = Debug|Any CPU
		Release|Any CPU = Release|Any CPU
	EndGlobalSection
	GlobalSection(ProjectConfigurationPlatforms) = postSolution
		{F9652154-DD30-4DDB-8C5D-FD7C1A6A0602}.Debug|Any CPU.ActiveCfg = Debug|Any CPU
		{F9652154-DD30-4DDB-8C5D-FD7C1A6A0602}.Debug|Any CPU.Build.0 = Debug|Any CPU
		{F9652154-DD30-4DDB-8C5D-FD7C1A6A0602}.Release|Any CPU.ActiveCfg = Release|Any CPU
		{F9652154-DD30-4DDB-8C5D-FD7C1A6A0602}.Release|Any CPU.Build.0 = Release|Any CPU
		{7DCD9BB8-7ECD-4B49-A2D2-AF811D35A3D4}.Debug|Any CPU.ActiveCfg = Debug|Any CPU
		{7DCD9BB8-7ECD-4B49-A2D2-AF811D35A3D4}.Debug|Any CPU.Build.0 = Debug|Any CPU
		{7DCD9BB8-7ECD-4B49-A2D2-AF811D35A3D4}.Release|Any CPU.ActiveCfg = Release|Any CPU
		{7DCD9BB8-7ECD-4B49-A2D2-AF811D35A3D4}.Release|Any CPU.Build.0 = Release|Any CPU
		{509AA0E8-8265-4092-AA0F-AC108E018BD6}.Debug|Any CPU.ActiveCfg = Debug|Any CPU
		{509AA0E8-8265-4092-AA0F-AC108E018BD6}.Debug|Any CPU.Build.0 = Debug|Any CPU
		{509AA0E8-8265-4092-AA0F-AC108E018BD6}.Release|Any CPU.ActiveCfg = Release|Any CPU
		{509AA0E8-8265-4092-AA0F-AC108E018BD6}.Release|Any CPU.Build.0 = Release|Any CPU
		{C6B5DE58-3C04-433F-8795-24CA91789DD4}.Debug|Any CPU.ActiveCfg = Debug|Any CPU
		{C6B5DE58-3C04-433F-8795-24CA91789DD4}.Debug|Any CPU.Build.0 = Debug|Any CPU
		{C6B5DE58-3C04-433F-8795-24CA91789DD4}.Release|Any CPU.ActiveCfg = Release|Any CPU
		{C6B5DE58-3C04-433F-8795-24CA91789DD4}.Release|Any CPU.Build.0 = Release|Any CPU
		{372AC995-1B35-4E05-98DD-B8B8FCEDD93F}.Debug|Any CPU.ActiveCfg = Debug|Any CPU
		{372AC995-1B35-4E05-98DD-B8B8FCEDD93F}.Debug|Any CPU.Build.0 = Debug|Any CPU
		{372AC995-1B35-4E05-98DD-B8B8FCEDD93F}.Release|Any CPU.ActiveCfg = Release|Any CPU
		{372AC995-1B35-4E05-98DD-B8B8FCEDD93F}.Release|Any CPU.Build.0 = Release|Any CPU
		{7B651C67-8F9E-4FEE-AD1F-A9020C5D10E6}.Debug|Any CPU.ActiveCfg = Debug|Any CPU
		{7B651C67-8F9E-4FEE-AD1F-A9020C5D10E6}.Debug|Any CPU.Build.0 = Debug|Any CPU
		{7B651C67-8F9E-4FEE-AD1F-A9020C5D10E6}.Release|Any CPU.ActiveCfg = Release|Any CPU
		{7B651C67-8F9E-4FEE-AD1F-A9020C5D10E6}.Release|Any CPU.Build.0 = Release|Any CPU
		{E790D52B-F88C-493C-9173-4080F32BED85}.Debug|Any CPU.ActiveCfg = Debug|Any CPU
		{E790D52B-F88C-493C-9173-4080F32BED85}.Debug|Any CPU.Build.0 = Debug|Any CPU
		{E790D52B-F88C-493C-9173-4080F32BED85}.Release|Any CPU.ActiveCfg = Release|Any CPU
		{E790D52B-F88C-493C-9173-4080F32BED85}.Release|Any CPU.Build.0 = Release|Any CPU
		{7382A77E-43A9-46F0-8CC5-2C1062E3F09D}.Debug|Any CPU.ActiveCfg = Debug|Any CPU
		{7382A77E-43A9-46F0-8CC5-2C1062E3F09D}.Debug|Any CPU.Build.0 = Debug|Any CPU
		{7382A77E-43A9-46F0-8CC5-2C1062E3F09D}.Release|Any CPU.ActiveCfg = Release|Any CPU
		{7382A77E-43A9-46F0-8CC5-2C1062E3F09D}.Release|Any CPU.Build.0 = Release|Any CPU
		{35E0D2EB-BF72-49A0-B668-D7BDAE281614}.Debug|Any CPU.ActiveCfg = Debug|Any CPU
		{35E0D2EB-BF72-49A0-B668-D7BDAE281614}.Debug|Any CPU.Build.0 = Debug|Any CPU
		{35E0D2EB-BF72-49A0-B668-D7BDAE281614}.Release|Any CPU.ActiveCfg = Release|Any CPU
		{35E0D2EB-BF72-49A0-B668-D7BDAE281614}.Release|Any CPU.Build.0 = Release|Any CPU
		{F2F720C7-EC92-44C5-B291-4B36102AD999}.Debug|Any CPU.ActiveCfg = Debug|Any CPU
		{F2F720C7-EC92-44C5-B291-4B36102AD999}.Debug|Any CPU.Build.0 = Debug|Any CPU
		{F2F720C7-EC92-44C5-B291-4B36102AD999}.Release|Any CPU.ActiveCfg = Release|Any CPU
		{F2F720C7-EC92-44C5-B291-4B36102AD999}.Release|Any CPU.Build.0 = Release|Any CPU
		{D93C9EA2-0467-4765-98F4-9E060608A938}.Debug|Any CPU.ActiveCfg = Debug|Any CPU
		{D93C9EA2-0467-4765-98F4-9E060608A938}.Debug|Any CPU.Build.0 = Debug|Any CPU
		{D93C9EA2-0467-4765-98F4-9E060608A938}.Release|Any CPU.ActiveCfg = Release|Any CPU
		{D93C9EA2-0467-4765-98F4-9E060608A938}.Release|Any CPU.Build.0 = Release|Any CPU
		{3EE2C88E-1E74-4F10-8C82-E72A6CB4DE42}.Debug|Any CPU.ActiveCfg = Debug|Any CPU
		{3EE2C88E-1E74-4F10-8C82-E72A6CB4DE42}.Debug|Any CPU.Build.0 = Debug|Any CPU
		{3EE2C88E-1E74-4F10-8C82-E72A6CB4DE42}.Release|Any CPU.ActiveCfg = Release|Any CPU
		{3EE2C88E-1E74-4F10-8C82-E72A6CB4DE42}.Release|Any CPU.Build.0 = Release|Any CPU
		{905B42B7-F418-481C-A792-5BED80798BEA}.Debug|Any CPU.ActiveCfg = Debug|Any CPU
		{905B42B7-F418-481C-A792-5BED80798BEA}.Debug|Any CPU.Build.0 = Debug|Any CPU
		{905B42B7-F418-481C-A792-5BED80798BEA}.Release|Any CPU.ActiveCfg = Release|Any CPU
		{905B42B7-F418-481C-A792-5BED80798BEA}.Release|Any CPU.Build.0 = Release|Any CPU
		{5A20CD1B-9511-4101-9360-AB36501FAE1A}.Debug|Any CPU.ActiveCfg = Debug|Any CPU
		{5A20CD1B-9511-4101-9360-AB36501FAE1A}.Debug|Any CPU.Build.0 = Debug|Any CPU
		{5A20CD1B-9511-4101-9360-AB36501FAE1A}.Release|Any CPU.ActiveCfg = Release|Any CPU
		{5A20CD1B-9511-4101-9360-AB36501FAE1A}.Release|Any CPU.Build.0 = Release|Any CPU
		{721ACD1E-5D0D-488C-B852-E0C030011303}.Debug|Any CPU.ActiveCfg = Debug|Any CPU
		{721ACD1E-5D0D-488C-B852-E0C030011303}.Debug|Any CPU.Build.0 = Debug|Any CPU
		{721ACD1E-5D0D-488C-B852-E0C030011303}.Release|Any CPU.ActiveCfg = Release|Any CPU
		{721ACD1E-5D0D-488C-B852-E0C030011303}.Release|Any CPU.Build.0 = Release|Any CPU
		{56EA02BD-2314-4584-A63F-1AA0C2DAC1CD}.Debug|Any CPU.ActiveCfg = Debug|Any CPU
		{56EA02BD-2314-4584-A63F-1AA0C2DAC1CD}.Debug|Any CPU.Build.0 = Debug|Any CPU
		{56EA02BD-2314-4584-A63F-1AA0C2DAC1CD}.Release|Any CPU.ActiveCfg = Release|Any CPU
		{56EA02BD-2314-4584-A63F-1AA0C2DAC1CD}.Release|Any CPU.Build.0 = Release|Any CPU
		{702EA177-DB9C-4AA0-8FE5-157687D54149}.Debug|Any CPU.ActiveCfg = Debug|Any CPU
		{702EA177-DB9C-4AA0-8FE5-157687D54149}.Debug|Any CPU.Build.0 = Debug|Any CPU
		{702EA177-DB9C-4AA0-8FE5-157687D54149}.Release|Any CPU.ActiveCfg = Release|Any CPU
		{702EA177-DB9C-4AA0-8FE5-157687D54149}.Release|Any CPU.Build.0 = Release|Any CPU
		{AB40C52E-ADCA-4844-88FD-00FB722BA3BC}.Debug|Any CPU.ActiveCfg = Debug|Any CPU
		{AB40C52E-ADCA-4844-88FD-00FB722BA3BC}.Debug|Any CPU.Build.0 = Debug|Any CPU
		{AB40C52E-ADCA-4844-88FD-00FB722BA3BC}.Release|Any CPU.ActiveCfg = Release|Any CPU
		{AB40C52E-ADCA-4844-88FD-00FB722BA3BC}.Release|Any CPU.Build.0 = Release|Any CPU
	EndGlobalSection
	GlobalSection(SolutionProperties) = preSolution
		HideSolutionNode = FALSE
	EndGlobalSection
	GlobalSection(ExtensibilityGlobals) = postSolution
		SolutionGuid = {B372FD88-1CE3-4FD6-ACAC-13E4513FF7B0}
	EndGlobalSection
EndGlobal
